
Microsoft Visual Studio Solution File, Format Version 12.00
# Visual Studio Version 16
VisualStudioVersion = 16.0.29123.88
MinimumVisualStudioVersion = 10.0.40219.1
Project("{FAE04EC0-301F-11D3-BF4B-00C04F79EFBC}") = "BanzaiApp.Android", "BanzaiApp\BanzaiApp.Android\BanzaiApp.Android.csproj", "{FFD841BD-C0C4-4B7D-8E42-B8A77608C4D6}"
EndProject
Project("{FAE04EC0-301F-11D3-BF4B-00C04F79EFBC}") = "BanzaiApp.iOS", "BanzaiApp\BanzaiApp.iOS\BanzaiApp.iOS.csproj", "{7D15FDBB-3826-4917-ACD6-4C50CAE5531F}"
EndProject
Project("{FAE04EC0-301F-11D3-BF4B-00C04F79EFBC}") = "BanzaiApp.MobileAppService", "BanzaiApp\BanzaiApp.MobileAppService\BanzaiApp.MobileAppService.csproj", "{DD8E0D3A-FE87-4CAC-B672-5295639129BA}"
EndProject
Project("{FAE04EC0-301F-11D3-BF4B-00C04F79EFBC}") = "BanzaiApp", "BanzaiApp\BanzaiApp\BanzaiApp.csproj", "{5A61EE3F-3A1A-4B8D-828D-5866221FDC8A}"
EndProject
Global
	GlobalSection(SolutionConfigurationPlatforms) = preSolution
		Debug|Any CPU = Debug|Any CPU
		Debug|iPhone = Debug|iPhone
		Debug|iPhoneSimulator = Debug|iPhoneSimulator
		Release|Any CPU = Release|Any CPU
		Release|iPhone = Release|iPhone
		Release|iPhoneSimulator = Release|iPhoneSimulator
	EndGlobalSection
	GlobalSection(ProjectConfigurationPlatforms) = postSolution
		{FFD841BD-C0C4-4B7D-8E42-B8A77608C4D6}.Debug|Any CPU.ActiveCfg = Debug|Any CPU
		{FFD841BD-C0C4-4B7D-8E42-B8A77608C4D6}.Debug|Any CPU.Build.0 = Debug|Any CPU
		{FFD841BD-C0C4-4B7D-8E42-B8A77608C4D6}.Debug|Any CPU.Deploy.0 = Debug|Any CPU
		{FFD841BD-C0C4-4B7D-8E42-B8A77608C4D6}.Debug|iPhone.ActiveCfg = Debug|Any CPU
		{FFD841BD-C0C4-4B7D-8E42-B8A77608C4D6}.Debug|iPhone.Build.0 = Debug|Any CPU
		{FFD841BD-C0C4-4B7D-8E42-B8A77608C4D6}.Debug|iPhone.Deploy.0 = Debug|Any CPU
		{FFD841BD-C0C4-4B7D-8E42-B8A77608C4D6}.Debug|iPhoneSimulator.ActiveCfg = Debug|Any CPU
		{FFD841BD-C0C4-4B7D-8E42-B8A77608C4D6}.Debug|iPhoneSimulator.Build.0 = Debug|Any CPU
		{FFD841BD-C0C4-4B7D-8E42-B8A77608C4D6}.Debug|iPhoneSimulator.Deploy.0 = Debug|Any CPU
		{FFD841BD-C0C4-4B7D-8E42-B8A77608C4D6}.Release|Any CPU.ActiveCfg = Release|Any CPU
		{FFD841BD-C0C4-4B7D-8E42-B8A77608C4D6}.Release|Any CPU.Build.0 = Release|Any CPU
		{FFD841BD-C0C4-4B7D-8E42-B8A77608C4D6}.Release|Any CPU.Deploy.0 = Release|Any CPU
		{FFD841BD-C0C4-4B7D-8E42-B8A77608C4D6}.Release|iPhone.ActiveCfg = Release|Any CPU
		{FFD841BD-C0C4-4B7D-8E42-B8A77608C4D6}.Release|iPhone.Build.0 = Release|Any CPU
		{FFD841BD-C0C4-4B7D-8E42-B8A77608C4D6}.Release|iPhone.Deploy.0 = Release|Any CPU
		{FFD841BD-C0C4-4B7D-8E42-B8A77608C4D6}.Release|iPhoneSimulator.ActiveCfg = Release|Any CPU
		{FFD841BD-C0C4-4B7D-8E42-B8A77608C4D6}.Release|iPhoneSimulator.Build.0 = Release|Any CPU
		{FFD841BD-C0C4-4B7D-8E42-B8A77608C4D6}.Release|iPhoneSimulator.Deploy.0 = Release|Any CPU
		{7D15FDBB-3826-4917-ACD6-4C50CAE5531F}.Debug|Any CPU.ActiveCfg = Debug|iPhoneSimulator
		{7D15FDBB-3826-4917-ACD6-4C50CAE5531F}.Debug|Any CPU.Build.0 = Debug|iPhoneSimulator
		{7D15FDBB-3826-4917-ACD6-4C50CAE5531F}.Debug|Any CPU.Deploy.0 = Debug|iPhoneSimulator
		{7D15FDBB-3826-4917-ACD6-4C50CAE5531F}.Debug|iPhone.ActiveCfg = Debug|iPhone
		{7D15FDBB-3826-4917-ACD6-4C50CAE5531F}.Debug|iPhone.Build.0 = Debug|iPhone
		{7D15FDBB-3826-4917-ACD6-4C50CAE5531F}.Debug|iPhone.Deploy.0 = Debug|iPhone
		{7D15FDBB-3826-4917-ACD6-4C50CAE5531F}.Debug|iPhoneSimulator.ActiveCfg = Debug|iPhoneSimulator
		{7D15FDBB-3826-4917-ACD6-4C50CAE5531F}.Debug|iPhoneSimulator.Build.0 = Debug|iPhoneSimulator
		{7D15FDBB-3826-4917-ACD6-4C50CAE5531F}.Debug|iPhoneSimulator.Deploy.0 = Debug|iPhoneSimulator
		{7D15FDBB-3826-4917-ACD6-4C50CAE5531F}.Release|Any CPU.ActiveCfg = Release|iPhone
		{7D15FDBB-3826-4917-ACD6-4C50CAE5531F}.Release|Any CPU.Build.0 = Release|iPhone
		{7D15FDBB-3826-4917-ACD6-4C50CAE5531F}.Release|Any CPU.Deploy.0 = Release|iPhone
		{7D15FDBB-3826-4917-ACD6-4C50CAE5531F}.Release|iPhone.ActiveCfg = Release|iPhone
		{7D15FDBB-3826-4917-ACD6-4C50CAE5531F}.Release|iPhone.Build.0 = Release|iPhone
		{7D15FDBB-3826-4917-ACD6-4C50CAE5531F}.Release|iPhone.Deploy.0 = Release|iPhone
		{7D15FDBB-3826-4917-ACD6-4C50CAE5531F}.Release|iPhoneSimulator.ActiveCfg = Release|iPhoneSimulator
		{7D15FDBB-3826-4917-ACD6-4C50CAE5531F}.Release|iPhoneSimulator.Build.0 = Release|iPhoneSimulator
		{7D15FDBB-3826-4917-ACD6-4C50CAE5531F}.Release|iPhoneSimulator.Deploy.0 = Release|iPhoneSimulator
		{DD8E0D3A-FE87-4CAC-B672-5295639129BA}.Debug|Any CPU.ActiveCfg = Debug|Any CPU
		{DD8E0D3A-FE87-4CAC-B672-5295639129BA}.Debug|Any CPU.Build.0 = Debug|Any CPU
		{DD8E0D3A-FE87-4CAC-B672-5295639129BA}.Debug|Any CPU.Deploy.0 = Debug|Any CPU
		{DD8E0D3A-FE87-4CAC-B672-5295639129BA}.Debug|iPhone.ActiveCfg = Debug|Any CPU
		{DD8E0D3A-FE87-4CAC-B672-5295639129BA}.Debug|iPhone.Build.0 = Debug|Any CPU
		{DD8E0D3A-FE87-4CAC-B672-5295639129BA}.Debug|iPhone.Deploy.0 = Debug|Any CPU
		{DD8E0D3A-FE87-4CAC-B672-5295639129BA}.Debug|iPhoneSimulator.ActiveCfg = Debug|Any CPU
		{DD8E0D3A-FE87-4CAC-B672-5295639129BA}.Debug|iPhoneSimulator.Build.0 = Debug|Any CPU
		{DD8E0D3A-FE87-4CAC-B672-5295639129BA}.Debug|iPhoneSimulator.Deploy.0 = Debug|Any CPU
		{DD8E0D3A-FE87-4CAC-B672-5295639129BA}.Release|Any CPU.ActiveCfg = Release|Any CPU
		{DD8E0D3A-FE87-4CAC-B672-5295639129BA}.Release|Any CPU.Build.0 = Release|Any CPU
		{DD8E0D3A-FE87-4CAC-B672-5295639129BA}.Release|Any CPU.Deploy.0 = Release|Any CPU
		{DD8E0D3A-FE87-4CAC-B672-5295639129BA}.Release|iPhone.ActiveCfg = Release|Any CPU
		{DD8E0D3A-FE87-4CAC-B672-5295639129BA}.Release|iPhone.Build.0 = Release|Any CPU
		{DD8E0D3A-FE87-4CAC-B672-5295639129BA}.Release|iPhone.Deploy.0 = Release|Any CPU
		{DD8E0D3A-FE87-4CAC-B672-5295639129BA}.Release|iPhoneSimulator.ActiveCfg = Release|Any CPU
		{DD8E0D3A-FE87-4CAC-B672-5295639129BA}.Release|iPhoneSimulator.Build.0 = Release|Any CPU
		{DD8E0D3A-FE87-4CAC-B672-5295639129BA}.Release|iPhoneSimulator.Deploy.0 = Release|Any CPU
		{5A61EE3F-3A1A-4B8D-828D-5866221FDC8A}.Debug|Any CPU.ActiveCfg = Debug|Any CPU
		{5A61EE3F-3A1A-4B8D-828D-5866221FDC8A}.Debug|Any CPU.Build.0 = Debug|Any CPU
		{5A61EE3F-3A1A-4B8D-828D-5866221FDC8A}.Debug|Any CPU.Deploy.0 = Debug|Any CPU
		{5A61EE3F-3A1A-4B8D-828D-5866221FDC8A}.Debug|iPhone.ActiveCfg = Debug|Any CPU
		{5A61EE3F-3A1A-4B8D-828D-5866221FDC8A}.Debug|iPhone.Build.0 = Debug|Any CPU
		{5A61EE3F-3A1A-4B8D-828D-5866221FDC8A}.Debug|iPhone.Deploy.0 = Debug|Any CPU
		{5A61EE3F-3A1A-4B8D-828D-5866221FDC8A}.Debug|iPhoneSimulator.ActiveCfg = Debug|Any CPU
		{5A61EE3F-3A1A-4B8D-828D-5866221FDC8A}.Debug|iPhoneSimulator.Build.0 = Debug|Any CPU
		{5A61EE3F-3A1A-4B8D-828D-5866221FDC8A}.Debug|iPhoneSimulator.Deploy.0 = Debug|Any CPU
		{5A61EE3F-3A1A-4B8D-828D-5866221FDC8A}.Release|Any CPU.ActiveCfg = Release|Any CPU
		{5A61EE3F-3A1A-4B8D-828D-5866221FDC8A}.Release|Any CPU.Build.0 = Release|Any CPU
		{5A61EE3F-3A1A-4B8D-828D-5866221FDC8A}.Release|Any CPU.Deploy.0 = Release|Any CPU
		{5A61EE3F-3A1A-4B8D-828D-5866221FDC8A}.Release|iPhone.ActiveCfg = Release|Any CPU
		{5A61EE3F-3A1A-4B8D-828D-5866221FDC8A}.Release|iPhone.Build.0 = Release|Any CPU
		{5A61EE3F-3A1A-4B8D-828D-5866221FDC8A}.Release|iPhone.Deploy.0 = Release|Any CPU
		{5A61EE3F-3A1A-4B8D-828D-5866221FDC8A}.Release|iPhoneSimulator.ActiveCfg = Release|Any CPU
		{5A61EE3F-3A1A-4B8D-828D-5866221FDC8A}.Release|iPhoneSimulator.Build.0 = Release|Any CPU
		{5A61EE3F-3A1A-4B8D-828D-5866221FDC8A}.Release|iPhoneSimulator.Deploy.0 = Release|Any CPU
	EndGlobalSection
	GlobalSection(SolutionProperties) = preSolution
		HideSolutionNode = FALSE
	EndGlobalSection
	GlobalSection(ExtensibilityGlobals) = postSolution
		SolutionGuid = {196D9562-2548-4253-887E-6F8A22381EB0}
	EndGlobalSection
EndGlobal
